
Microsoft Visual Studio Solution File, Format Version 12.00
# Visual Studio Version 16
VisualStudioVersion = 16.0.30611.23
MinimumVisualStudioVersion = 10.0.40219.1
Project("{FAE04EC0-301F-11D3-BF4B-00C04F79EFBC}") = "GDC_Arac_Kiralama", "Rent A Car Araç Kiralama Otamasyon\GDC_Arac_Kiralama.csproj", "{BDA1C669-70C4-4F7E-9446-2749A3BBA0D5}"
EndProject
Global
	GlobalSection(SolutionConfigurationPlatforms) = preSolution
		Debug|Any CPU = Debug|Any CPU
		Release|Any CPU = Release|Any CPU
	EndGlobalSection
	GlobalSection(ProjectConfigurationPlatforms) = postSolution
		{BDA1C669-70C4-4F7E-9446-2749A3BBA0D5}.Debug|Any CPU.ActiveCfg = Debug|Any CPU
		{BDA1C669-70C4-4F7E-9446-2749A3BBA0D5}.Debug|Any CPU.Build.0 = Debug|Any CPU
		{BDA1C669-70C4-4F7E-9446-2749A3BBA0D5}.Release|Any CPU.ActiveCfg = Release|Any CPU
		{BDA1C669-70C4-4F7E-9446-2749A3BBA0D5}.Release|Any CPU.Build.0 = Release|Any CPU
	EndGlobalSection
	GlobalSection(SolutionProperties) = preSolution
		HideSolutionNode = FALSE
	EndGlobalSection
	GlobalSection(ExtensibilityGlobals) = postSolution
		SolutionGuid = {DA94D11A-CDDE-49DE-98AC-168E7091E0E6}
	EndGlobalSection
EndGlobal
